
Microsoft Visual Studio Solution File, Format Version 12.00
# Visual Studio 15
VisualStudioVersion = 15.0.27428.2043
MinimumVisualStudioVersion = 10.0.40219.1
Project("{8BC9CEB8-8B4A-11D0-8D11-00A0C91BC942}") = "VulkanStudy", "VulkanStudy\VulkanStudy.vcxproj", "{30544A0C-6468-497C-9844-317B3D98C9F8}"
EndProject
Global
	GlobalSection(SolutionConfigurationPlatforms) = preSolution
		Debug|x64 = Debug|x64
		Debug|x86 = Debug|x86
		Release|x64 = Release|x64
		Release|x86 = Release|x86
	EndGlobalSection
	GlobalSection(ProjectConfigurationPlatforms) = postSolution
		{30544A0C-6468-497C-9844-317B3D98C9F8}.Debug|x64.ActiveCfg = Debug|x64
		{30544A0C-6468-497C-9844-317B3D98C9F8}.Debug|x64.Build.0 = Debug|x64
		{30544A0C-6468-497C-9844-317B3D98C9F8}.Debug|x86.ActiveCfg = Debug|Win32
		{30544A0C-6468-497C-9844-317B3D98C9F8}.Debug|x86.Build.0 = Debug|Win32
		{30544A0C-6468-497C-9844-317B3D98C9F8}.Release|x64.ActiveCfg = Release|x64
		{30544A0C-6468-497C-9844-317B3D98C9F8}.Release|x64.Build.0 = Release|x64
		{30544A0C-6468-497C-9844-317B3D98C9F8}.Release|x86.ActiveCfg = Release|Win32
		{30544A0C-6468-497C-9844-317B3D98C9F8}.Release|x86.Build.0 = Release|Win32
	EndGlobalSection
	GlobalSection(SolutionProperties) = preSolution
		HideSolutionNode = FALSE
	EndGlobalSection
	GlobalSection(ExtensibilityGlobals) = postSolution
		SolutionGuid = {13C6368A-BBE2-4E75-B28C-66B342D3923D}
	EndGlobalSection
EndGlobal
